
Microsoft Visual Studio Solution File, Format Version 12.00
# Visual Studio Version 17
VisualStudioVersion = 17.0.31903.59
MinimumVisualStudioVersion = 10.0.40219.1
Project("{FAE04EC0-301F-11D3-BF4B-00C04F79EFBC}") = "BankingApi", "BankingApi.csproj", "{FC158739-8F5B-4E66-94A0-0ABF8E0BF28B}"
EndProject
Project("{FAE04EC0-301F-11D3-BF4B-00C04F79EFBC}") = "BankingApi.Tests", "BankingApi.Tests\BankingApi.Tests.csproj", "{45031A4F-39E4-40E0-B6A7-1C6919D83427}"
EndProject
Global
	GlobalSection(SolutionConfigurationPlatforms) = preSolution
		Debug|Any CPU = Debug|Any CPU
		Debug|x64 = Debug|x64
		Debug|x86 = Debug|x86
		Release|Any CPU = Release|Any CPU
		Release|x64 = Release|x64
		Release|x86 = Release|x86
	EndGlobalSection
	GlobalSection(ProjectConfigurationPlatforms) = postSolution
		{FC158739-8F5B-4E66-94A0-0ABF8E0BF28B}.Debug|Any CPU.ActiveCfg = Debug|Any CPU
		{FC158739-8F5B-4E66-94A0-0ABF8E0BF28B}.Debug|Any CPU.Build.0 = Debug|Any CPU
		{FC158739-8F5B-4E66-94A0-0ABF8E0BF28B}.Debug|x64.ActiveCfg = Debug|Any CPU
		{FC158739-8F5B-4E66-94A0-0ABF8E0BF28B}.Debug|x64.Build.0 = Debug|Any CPU
		{FC158739-8F5B-4E66-94A0-0ABF8E0BF28B}.Debug|x86.ActiveCfg = Debug|Any CPU
		{FC158739-8F5B-4E66-94A0-0ABF8E0BF28B}.Debug|x86.Build.0 = Debug|Any CPU
		{FC158739-8F5B-4E66-94A0-0ABF8E0BF28B}.Release|Any CPU.ActiveCfg = Release|Any CPU
		{FC158739-8F5B-4E66-94A0-0ABF8E0BF28B}.Release|Any CPU.Build.0 = Release|Any CPU
		{FC158739-8F5B-4E66-94A0-0ABF8E0BF28B}.Release|x64.ActiveCfg = Release|Any CPU
		{FC158739-8F5B-4E66-94A0-0ABF8E0BF28B}.Release|x64.Build.0 = Release|Any CPU
		{FC158739-8F5B-4E66-94A0-0ABF8E0BF28B}.Release|x86.ActiveCfg = Release|Any CPU
		{FC158739-8F5B-4E66-94A0-0ABF8E0BF28B}.Release|x86.Build.0 = Release|Any CPU
		{45031A4F-39E4-40E0-B6A7-1C6919D83427}.Debug|Any CPU.ActiveCfg = Debug|Any CPU
		{45031A4F-39E4-40E0-B6A7-1C6919D83427}.Debug|Any CPU.Build.0 = Debug|Any CPU
		{45031A4F-39E4-40E0-B6A7-1C6919D83427}.Debug|x64.ActiveCfg = Debug|Any CPU
		{45031A4F-39E4-40E0-B6A7-1C6919D83427}.Debug|x64.Build.0 = Debug|Any CPU
		{45031A4F-39E4-40E0-B6A7-1C6919D83427}.Debug|x86.ActiveCfg = Debug|Any CPU
		{45031A4F-39E4-40E0-B6A7-1C6919D83427}.Debug|x86.Build.0 = Debug|Any CPU
		{45031A4F-39E4-40E0-B6A7-1C6919D83427}.Release|Any CPU.ActiveCfg = Release|Any CPU
		{45031A4F-39E4-40E0-B6A7-1C6919D83427}.Release|Any CPU.Build.0 = Release|Any CPU
		{45031A4F-39E4-40E0-B6A7-1C6919D83427}.Release|x64.ActiveCfg = Release|Any CPU
		{45031A4F-39E4-40E0-B6A7-1C6919D83427}.Release|x64.Build.0 = Release|Any CPU
		{45031A4F-39E4-40E0-B6A7-1C6919D83427}.Release|x86.ActiveCfg = Release|Any CPU
		{45031A4F-39E4-40E0-B6A7-1C6919D83427}.Release|x86.Build.0 = Release|Any CPU
	EndGlobalSection
	GlobalSection(SolutionProperties) = preSolution
		HideSolutionNode = FALSE
	EndGlobalSection
EndGlobal
